
Microsoft Visual Studio Solution File, Format Version 12.00
# Visual Studio Version 17
VisualStudioVersion = 17.0.31903.59
MinimumVisualStudioVersion = 9.0.40219.1
Project("{FAE04EC0-301F-11D3-BF4B-00C04F79EFBC}") = "NetCoreAI.Project01_DeepGramAIVoice", "NetCoreAI.Project01_DeepGramAIVoice\NetCoreAI.Project01_DeepGramAIVoice.csproj", "{BA9551BD-EE6F-4D6B-B708-B4EA0591BED1}"
EndProject
Project("{FAE04EC0-301F-11D3-BF4B-00C04F79EFBC}") = "NetCoreAI.Project02_HuggingFaceSentimentAnalysis", "NetCoreAI.Project02_HuggingFaceSentimentAnalysis\NetCoreAI.Project02_HuggingFaceSentimentAnalysis.csproj", "{A41AA2E8-2091-4D5C-BACE-4873A4455A53}"
EndProject
Project("{FAE04EC0-301F-11D3-BF4B-00C04F79EFBC}") = "NetCoreAI.Project03_HuggingFaceSummarizeText", "NetCoreAI.Project03_HuggingFaceSummarizeText\NetCoreAI.Project03_HuggingFaceSummarizeText.csproj", "{05CED14B-1B91-4C19-A3E2-FF33099EAED9}"
EndProject
Project("{FAE04EC0-301F-11D3-BF4B-00C04F79EFBC}") = "NetCoreAI.Project04_HuggingFaceNamedEntityRecognation", "NetCoreAI.Project04_HuggingFaceNamedEntityRecognation\NetCoreAI.Project04_HuggingFaceNamedEntityRecognation.csproj", "{7B96D0B0-FD05-44B7-B524-659846ADCCE0}"
EndProject
Project("{FAE04EC0-301F-11D3-BF4B-00C04F79EFBC}") = "NetCoreAI.Project05_HuggingFaceRobertaBaseQA", "NetCoreAI.Project05_HuggingFaceRobertaBaseQA\NetCoreAI.Project05_HuggingFaceRobertaBaseQA.csproj", "{D2A2C02A-0E11-48AC-84AE-900AA3DB05F9}"
EndProject
Project("{FAE04EC0-301F-11D3-BF4B-00C04F79EFBC}") = "NetCoreAI.Project06_HuggingFaceToxicBert", "NetCoreAI.Project06_HuggingFaceToxicBert\NetCoreAI.Project06_HuggingFaceToxicBert.csproj", "{71135176-7492-4B8E-946A-2058136E5F11}"
EndProject
Project("{FAE04EC0-301F-11D3-BF4B-00C04F79EFBC}") = "NetCoreAI.Project07_AnthropicClaudeChat", "NetCoreAI.Project07_AnthropicClaudeChat\NetCoreAI.Project07_AnthropicClaudeChat.csproj", "{AECCFBBC-F65B-46F8-A246-F20A3E56E49C}"
EndProject
Project("{FAE04EC0-301F-11D3-BF4B-00C04F79EFBC}") = "NetCoreAI.Project08_AnthropicClaudePdfSummary", "NetCoreAI.Project08_AnthropicClaudePdfSummary\NetCoreAI.Project08_AnthropicClaudePdfSummary.csproj", "{F47AF4A8-C957-4C22-B653-8DC97168633F}"
EndProject
Project("{FAE04EC0-301F-11D3-BF4B-00C04F79EFBC}") = "NetCoreAI.Project09_AnthropicClaudeJobEmail", "NetCoreAI.Project09_AnthropicClaudeJobEmail\NetCoreAI.Project09_AnthropicClaudeJobEmail.csproj", "{A2933C45-7D27-46A6-B884-2B246761873E}"
EndProject
Project("{FAE04EC0-301F-11D3-BF4B-00C04F79EFBC}") = "NetCoreAI.Project10_ReplicateAIDrawImage", "NetCoreAI.Project10_ReplicateAIDrawImage\NetCoreAI.Project10_ReplicateAIDrawImage.csproj", "{23C2072A-9F5A-403D-89CC-976FA112E52F}"
EndProject
Project("{FAE04EC0-301F-11D3-BF4B-00C04F79EFBC}") = "NetCoreAI.Project11_MicrosoftAzureTextToSpeech", "NetCoreAI.Project11_MicrosoftAzureTextToSpeech\NetCoreAI.Project11_MicrosoftAzureTextToSpeech.csproj", "{E558B1D9-4244-4EBD-86E8-0CED6D097562}"
EndProject
Project("{FAE04EC0-301F-11D3-BF4B-00C04F79EFBC}") = "NetCoreAI.Project12_MicrosoftAzureComputerVision", "NetCoreAI.Project12_MicrosoftAzureComputerVision\NetCoreAI.Project12_MicrosoftAzureComputerVision.csproj", "{71B71DF1-328C-406E-8115-74B199AC96F4}"
EndProject
Project("{FAE04EC0-301F-11D3-BF4B-00C04F79EFBC}") = "NetCoreAI.Project13_MicrosoftAzureComputerVisionObjectsAndDetection", "NetCoreAI.Project13_MicrosoftAzureComputerVisionObjectsAndDetection\NetCoreAI.Project13_MicrosoftAzureComputerVisionObjectsAndDetection.csproj", "{C5D0CC01-63CA-4806-87B0-3DC282758D66}"
EndProject
Global
	GlobalSection(SolutionConfigurationPlatforms) = preSolution
		Debug|Any CPU = Debug|Any CPU
		Debug|x64 = Debug|x64
		Debug|x86 = Debug|x86
		Release|Any CPU = Release|Any CPU
		Release|x64 = Release|x64
		Release|x86 = Release|x86
	EndGlobalSection
	GlobalSection(ProjectConfigurationPlatforms) = postSolution
		{BA9551BD-EE6F-4D6B-B708-B4EA0591BED1}.Debug|Any CPU.ActiveCfg = Debug|Any CPU
		{BA9551BD-EE6F-4D6B-B708-B4EA0591BED1}.Debug|Any CPU.Build.0 = Debug|Any CPU
		{BA9551BD-EE6F-4D6B-B708-B4EA0591BED1}.Debug|x64.ActiveCfg = Debug|Any CPU
		{BA9551BD-EE6F-4D6B-B708-B4EA0591BED1}.Debug|x64.Build.0 = Debug|Any CPU
		{BA9551BD-EE6F-4D6B-B708-B4EA0591BED1}.Debug|x86.ActiveCfg = Debug|Any CPU
		{BA9551BD-EE6F-4D6B-B708-B4EA0591BED1}.Debug|x86.Build.0 = Debug|Any CPU
		{BA9551BD-EE6F-4D6B-B708-B4EA0591BED1}.Release|Any CPU.ActiveCfg = Release|Any CPU
		{BA9551BD-EE6F-4D6B-B708-B4EA0591BED1}.Release|Any CPU.Build.0 = Release|Any CPU
		{BA9551BD-EE6F-4D6B-B708-B4EA0591BED1}.Release|x64.ActiveCfg = Release|Any CPU
		{BA9551BD-EE6F-4D6B-B708-B4EA0591BED1}.Release|x64.Build.0 = Release|Any CPU
		{BA9551BD-EE6F-4D6B-B708-B4EA0591BED1}.Release|x86.ActiveCfg = Release|Any CPU
		{BA9551BD-EE6F-4D6B-B708-B4EA0591BED1}.Release|x86.Build.0 = Release|Any CPU
		{A41AA2E8-2091-4D5C-BACE-4873A4455A53}.Debug|Any CPU.ActiveCfg = Debug|Any CPU
		{A41AA2E8-2091-4D5C-BACE-4873A4455A53}.Debug|Any CPU.Build.0 = Debug|Any CPU
		{A41AA2E8-2091-4D5C-BACE-4873A4455A53}.Debug|x64.ActiveCfg = Debug|Any CPU
		{A41AA2E8-2091-4D5C-BACE-4873A4455A53}.Debug|x64.Build.0 = Debug|Any CPU
		{A41AA2E8-2091-4D5C-BACE-4873A4455A53}.Debug|x86.ActiveCfg = Debug|Any CPU
		{A41AA2E8-2091-4D5C-BACE-4873A4455A53}.Debug|x86.Build.0 = Debug|Any CPU
		{A41AA2E8-2091-4D5C-BACE-4873A4455A53}.Release|Any CPU.ActiveCfg = Release|Any CPU
		{A41AA2E8-2091-4D5C-BACE-4873A4455A53}.Release|Any CPU.Build.0 = Release|Any CPU
		{A41AA2E8-2091-4D5C-BACE-4873A4455A53}.Release|x64.ActiveCfg = Release|Any CPU
		{A41AA2E8-2091-4D5C-BACE-4873A4455A53}.Release|x64.Build.0 = Release|Any CPU
		{A41AA2E8-2091-4D5C-BACE-4873A4455A53}.Release|x86.ActiveCfg = Release|Any CPU
		{A41AA2E8-2091-4D5C-BACE-4873A4455A53}.Release|x86.Build.0 = Release|Any CPU
		{05CED14B-1B91-4C19-A3E2-FF33099EAED9}.Debug|Any CPU.ActiveCfg = Debug|Any CPU
		{05CED14B-1B91-4C19-A3E2-FF33099EAED9}.Debug|Any CPU.Build.0 = Debug|Any CPU
		{05CED14B-1B91-4C19-A3E2-FF33099EAED9}.Debug|x64.ActiveCfg = Debug|Any CPU
		{05CED14B-1B91-4C19-A3E2-FF33099EAED9}.Debug|x64.Build.0 = Debug|Any CPU
		{05CED14B-1B91-4C19-A3E2-FF33099EAED9}.Debug|x86.ActiveCfg = Debug|Any CPU
		{05CED14B-1B91-4C19-A3E2-FF33099EAED9}.Debug|x86.Build.0 = Debug|Any CPU
		{05CED14B-1B91-4C19-A3E2-FF33099EAED9}.Release|Any CPU.ActiveCfg = Release|Any CPU
		{05CED14B-1B91-4C19-A3E2-FF33099EAED9}.Release|Any CPU.Build.0 = Release|Any CPU
		{05CED14B-1B91-4C19-A3E2-FF33099EAED9}.Release|x64.ActiveCfg = Release|Any CPU
		{05CED14B-1B91-4C19-A3E2-FF33099EAED9}.Release|x64.Build.0 = Release|Any CPU
		{05CED14B-1B91-4C19-A3E2-FF33099EAED9}.Release|x86.ActiveCfg = Release|Any CPU
		{05CED14B-1B91-4C19-A3E2-FF33099EAED9}.Release|x86.Build.0 = Release|Any CPU
		{7B96D0B0-FD05-44B7-B524-659846ADCCE0}.Debug|Any CPU.ActiveCfg = Debug|Any CPU
		{7B96D0B0-FD05-44B7-B524-659846ADCCE0}.Debug|Any CPU.Build.0 = Debug|Any CPU
		{7B96D0B0-FD05-44B7-B524-659846ADCCE0}.Debug|x64.ActiveCfg = Debug|Any CPU
		{7B96D0B0-FD05-44B7-B524-659846ADCCE0}.Debug|x64.Build.0 = Debug|Any CPU
		{7B96D0B0-FD05-44B7-B524-659846ADCCE0}.Debug|x86.ActiveCfg = Debug|Any CPU
		{7B96D0B0-FD05-44B7-B524-659846ADCCE0}.Debug|x86.Build.0 = Debug|Any CPU
		{7B96D0B0-FD05-44B7-B524-659846ADCCE0}.Release|Any CPU.ActiveCfg = Release|Any CPU
		{7B96D0B0-FD05-44B7-B524-659846ADCCE0}.Release|Any CPU.Build.0 = Release|Any CPU
		{7B96D0B0-FD05-44B7-B524-659846ADCCE0}.Release|x64.ActiveCfg = Release|Any CPU
		{7B96D0B0-FD05-44B7-B524-659846ADCCE0}.Release|x64.Build.0 = Release|Any CPU
		{7B96D0B0-FD05-44B7-B524-659846ADCCE0}.Release|x86.ActiveCfg = Release|Any CPU
		{7B96D0B0-FD05-44B7-B524-659846ADCCE0}.Release|x86.Build.0 = Release|Any CPU
		{D2A2C02A-0E11-48AC-84AE-900AA3DB05F9}.Debug|Any CPU.ActiveCfg = Debug|Any CPU
		{D2A2C02A-0E11-48AC-84AE-900AA3DB05F9}.Debug|Any CPU.Build.0 = Debug|Any CPU
		{D2A2C02A-0E11-48AC-84AE-900AA3DB05F9}.Debug|x64.ActiveCfg = Debug|Any CPU
		{D2A2C02A-0E11-48AC-84AE-900AA3DB05F9}.Debug|x64.Build.0 = Debug|Any CPU
		{D2A2C02A-0E11-48AC-84AE-900AA3DB05F9}.Debug|x86.ActiveCfg = Debug|Any CPU
		{D2A2C02A-0E11-48AC-84AE-900AA3DB05F9}.Debug|x86.Build.0 = Debug|Any CPU
		{D2A2C02A-0E11-48AC-84AE-900AA3DB05F9}.Release|Any CPU.ActiveCfg = Release|Any CPU
		{D2A2C02A-0E11-48AC-84AE-900AA3DB05F9}.Release|Any CPU.Build.0 = Release|Any CPU
		{D2A2C02A-0E11-48AC-84AE-900AA3DB05F9}.Release|x64.ActiveCfg = Release|Any CPU
		{D2A2C02A-0E11-48AC-84AE-900AA3DB05F9}.Release|x64.Build.0 = Release|Any CPU
		{D2A2C02A-0E11-48AC-84AE-900AA3DB05F9}.Release|x86.ActiveCfg = Release|Any CPU
		{D2A2C02A-0E11-48AC-84AE-900AA3DB05F9}.Release|x86.Build.0 = Release|Any CPU
		{71135176-7492-4B8E-946A-2058136E5F11}.Debug|Any CPU.ActiveCfg = Debug|Any CPU
		{71135176-7492-4B8E-946A-2058136E5F11}.Debug|Any CPU.Build.0 = Debug|Any CPU
		{71135176-7492-4B8E-946A-2058136E5F11}.Debug|x64.ActiveCfg = Debug|Any CPU
		{71135176-7492-4B8E-946A-2058136E5F11}.Debug|x64.Build.0 = Debug|Any CPU
		{71135176-7492-4B8E-946A-2058136E5F11}.Debug|x86.ActiveCfg = Debug|Any CPU
		{71135176-7492-4B8E-946A-2058136E5F11}.Debug|x86.Build.0 = Debug|Any CPU
		{71135176-7492-4B8E-946A-2058136E5F11}.Release|Any CPU.ActiveCfg = Release|Any CPU
		{71135176-7492-4B8E-946A-2058136E5F11}.Release|Any CPU.Build.0 = Release|Any CPU
		{71135176-7492-4B8E-946A-2058136E5F11}.Release|x64.ActiveCfg = Release|Any CPU
		{71135176-7492-4B8E-946A-2058136E5F11}.Release|x64.Build.0 = Release|Any CPU
		{71135176-7492-4B8E-946A-2058136E5F11}.Release|x86.ActiveCfg = Release|Any CPU
		{71135176-7492-4B8E-946A-2058136E5F11}.Release|x86.Build.0 = Release|Any CPU
		{AECCFBBC-F65B-46F8-A246-F20A3E56E49C}.Debug|Any CPU.ActiveCfg = Debug|Any CPU
		{AECCFBBC-F65B-46F8-A246-F20A3E56E49C}.Debug|Any CPU.Build.0 = Debug|Any CPU
		{AECCFBBC-F65B-46F8-A246-F20A3E56E49C}.Debug|x64.ActiveCfg = Debug|Any CPU
		{AECCFBBC-F65B-46F8-A246-F20A3E56E49C}.Debug|x64.Build.0 = Debug|Any CPU
		{AECCFBBC-F65B-46F8-A246-F20A3E56E49C}.Debug|x86.ActiveCfg = Debug|Any CPU
		{AECCFBBC-F65B-46F8-A246-F20A3E56E49C}.Debug|x86.Build.0 = Debug|Any CPU
		{AECCFBBC-F65B-46F8-A246-F20A3E56E49C}.Release|Any CPU.ActiveCfg = Release|Any CPU
		{AECCFBBC-F65B-46F8-A246-F20A3E56E49C}.Release|Any CPU.Build.0 = Release|Any CPU
		{AECCFBBC-F65B-46F8-A246-F20A3E56E49C}.Release|x64.ActiveCfg = Release|Any CPU
		{AECCFBBC-F65B-46F8-A246-F20A3E56E49C}.Release|x64.Build.0 = Release|Any CPU
		{AECCFBBC-F65B-46F8-A246-F20A3E56E49C}.Release|x86.ActiveCfg = Release|Any CPU
		{AECCFBBC-F65B-46F8-A246-F20A3E56E49C}.Release|x86.Build.0 = Release|Any CPU
		{F47AF4A8-C957-4C22-B653-8DC97168633F}.Debug|Any CPU.ActiveCfg = Debug|Any CPU
		{F47AF4A8-C957-4C22-B653-8DC97168633F}.Debug|Any CPU.Build.0 = Debug|Any CPU
		{F47AF4A8-C957-4C22-B653-8DC97168633F}.Debug|x64.ActiveCfg = Debug|Any CPU
		{F47AF4A8-C957-4C22-B653-8DC97168633F}.Debug|x64.Build.0 = Debug|Any CPU
		{F47AF4A8-C957-4C22-B653-8DC97168633F}.Debug|x86.ActiveCfg = Debug|Any CPU
		{F47AF4A8-C957-4C22-B653-8DC97168633F}.Debug|x86.Build.0 = Debug|Any CPU
		{F47AF4A8-C957-4C22-B653-8DC97168633F}.Release|Any CPU.ActiveCfg = Release|Any CPU
		{F47AF4A8-C957-4C22-B653-8DC97168633F}.Release|Any CPU.Build.0 = Release|Any CPU
		{F47AF4A8-C957-4C22-B653-8DC97168633F}.Release|x64.ActiveCfg = Release|Any CPU
		{F47AF4A8-C957-4C22-B653-8DC97168633F}.Release|x64.Build.0 = Release|Any CPU
		{F47AF4A8-C957-4C22-B653-8DC97168633F}.Release|x86.ActiveCfg = Release|Any CPU
		{F47AF4A8-C957-4C22-B653-8DC97168633F}.Release|x86.Build.0 = Release|Any CPU
		{A2933C45-7D27-46A6-B884-2B246761873E}.Debug|Any CPU.ActiveCfg = Debug|Any CPU
		{A2933C45-7D27-46A6-B884-2B246761873E}.Debug|Any CPU.Build.0 = Debug|Any CPU
		{A2933C45-7D27-46A6-B884-2B246761873E}.Debug|x64.ActiveCfg = Debug|Any CPU
		{A2933C45-7D27-46A6-B884-2B246761873E}.Debug|x64.Build.0 = Debug|Any CPU
		{A2933C45-7D27-46A6-B884-2B246761873E}.Debug|x86.ActiveCfg = Debug|Any CPU
		{A2933C45-7D27-46A6-B884-2B246761873E}.Debug|x86.Build.0 = Debug|Any CPU
		{A2933C45-7D27-46A6-B884-2B246761873E}.Release|Any CPU.ActiveCfg = Release|Any CPU
		{A2933C45-7D27-46A6-B884-2B246761873E}.Release|Any CPU.Build.0 = Release|Any CPU
		{A2933C45-7D27-46A6-B884-2B246761873E}.Release|x64.ActiveCfg = Release|Any CPU
		{A2933C45-7D27-46A6-B884-2B246761873E}.Release|x64.Build.0 = Release|Any CPU
		{A2933C45-7D27-46A6-B884-2B246761873E}.Release|x86.ActiveCfg = Release|Any CPU
		{A2933C45-7D27-46A6-B884-2B246761873E}.Release|x86.Build.0 = Release|Any CPU
		{23C2072A-9F5A-403D-89CC-976FA112E52F}.Debug|Any CPU.ActiveCfg = Debug|Any CPU
		{23C2072A-9F5A-403D-89CC-976FA112E52F}.Debug|Any CPU.Build.0 = Debug|Any CPU
		{23C2072A-9F5A-403D-89CC-976FA112E52F}.Debug|x64.ActiveCfg = Debug|Any CPU
		{23C2072A-9F5A-403D-89CC-976FA112E52F}.Debug|x64.Build.0 = Debug|Any CPU
		{23C2072A-9F5A-403D-89CC-976FA112E52F}.Debug|x86.ActiveCfg = Debug|Any CPU
		{23C2072A-9F5A-403D-89CC-976FA112E52F}.Debug|x86.Build.0 = Debug|Any CPU
		{23C2072A-9F5A-403D-89CC-976FA112E52F}.Release|Any CPU.ActiveCfg = Release|Any CPU
		{23C2072A-9F5A-403D-89CC-976FA112E52F}.Release|Any CPU.Build.0 = Release|Any CPU
		{23C2072A-9F5A-403D-89CC-976FA112E52F}.Release|x64.ActiveCfg = Release|Any CPU
		{23C2072A-9F5A-403D-89CC-976FA112E52F}.Release|x64.Build.0 = Release|Any CPU
		{23C2072A-9F5A-403D-89CC-976FA112E52F}.Release|x86.ActiveCfg = Release|Any CPU
		{23C2072A-9F5A-403D-89CC-976FA112E52F}.Release|x86.Build.0 = Release|Any CPU
		{E558B1D9-4244-4EBD-86E8-0CED6D097562}.Debug|Any CPU.ActiveCfg = Debug|Any CPU
		{E558B1D9-4244-4EBD-86E8-0CED6D097562}.Debug|Any CPU.Build.0 = Debug|Any CPU
		{E558B1D9-4244-4EBD-86E8-0CED6D097562}.Debug|x64.ActiveCfg = Debug|Any CPU
		{E558B1D9-4244-4EBD-86E8-0CED6D097562}.Debug|x64.Build.0 = Debug|Any CPU
		{E558B1D9-4244-4EBD-86E8-0CED6D097562}.Debug|x86.ActiveCfg = Debug|Any CPU
		{E558B1D9-4244-4EBD-86E8-0CED6D097562}.Debug|x86.Build.0 = Debug|Any CPU
		{E558B1D9-4244-4EBD-86E8-0CED6D097562}.Release|Any CPU.ActiveCfg = Release|Any CPU
		{E558B1D9-4244-4EBD-86E8-0CED6D097562}.Release|Any CPU.Build.0 = Release|Any CPU
		{E558B1D9-4244-4EBD-86E8-0CED6D097562}.Release|x64.ActiveCfg = Release|Any CPU
		{E558B1D9-4244-4EBD-86E8-0CED6D097562}.Release|x64.Build.0 = Release|Any CPU
		{E558B1D9-4244-4EBD-86E8-0CED6D097562}.Release|x86.ActiveCfg = Release|Any CPU
		{E558B1D9-4244-4EBD-86E8-0CED6D097562}.Release|x86.Build.0 = Release|Any CPU
		{71B71DF1-328C-406E-8115-74B199AC96F4}.Debug|Any CPU.ActiveCfg = Debug|Any CPU
		{71B71DF1-328C-406E-8115-74B199AC96F4}.Debug|Any CPU.Build.0 = Debug|Any CPU
		{71B71DF1-328C-406E-8115-74B199AC96F4}.Debug|x64.ActiveCfg = Debug|Any CPU
		{71B71DF1-328C-406E-8115-74B199AC96F4}.Debug|x64.Build.0 = Debug|Any CPU
		{71B71DF1-328C-406E-8115-74B199AC96F4}.Debug|x86.ActiveCfg = Debug|Any CPU
		{71B71DF1-328C-406E-8115-74B199AC96F4}.Debug|x86.Build.0 = Debug|Any CPU
		{71B71DF1-328C-406E-8115-74B199AC96F4}.Release|Any CPU.ActiveCfg = Release|Any CPU
		{71B71DF1-328C-406E-8115-74B199AC96F4}.Release|Any CPU.Build.0 = Release|Any CPU
		{71B71DF1-328C-406E-8115-74B199AC96F4}.Release|x64.ActiveCfg = Release|Any CPU
		{71B71DF1-328C-406E-8115-74B199AC96F4}.Release|x64.Build.0 = Release|Any CPU
		{71B71DF1-328C-406E-8115-74B199AC96F4}.Release|x86.ActiveCfg = Release|Any CPU
		{71B71DF1-328C-406E-8115-74B199AC96F4}.Release|x86.Build.0 = Release|Any CPU
		{C5D0CC01-63CA-4806-87B0-3DC282758D66}.Debug|Any CPU.ActiveCfg = Debug|Any CPU
		{C5D0CC01-63CA-4806-87B0-3DC282758D66}.Debug|Any CPU.Build.0 = Debug|Any CPU
		{C5D0CC01-63CA-4806-87B0-3DC282758D66}.Debug|x64.ActiveCfg = Debug|Any CPU
		{C5D0CC01-63CA-4806-87B0-3DC282758D66}.Debug|x64.Build.0 = Debug|Any CPU
		{C5D0CC01-63CA-4806-87B0-3DC282758D66}.Debug|x86.ActiveCfg = Debug|Any CPU
		{C5D0CC01-63CA-4806-87B0-3DC282758D66}.Debug|x86.Build.0 = Debug|Any CPU
		{C5D0CC01-63CA-4806-87B0-3DC282758D66}.Release|Any CPU.ActiveCfg = Release|Any CPU
		{C5D0CC01-63CA-4806-87B0-3DC282758D66}.Release|Any CPU.Build.0 = Release|Any CPU
		{C5D0CC01-63CA-4806-87B0-3DC282758D66}.Release|x64.ActiveCfg = Release|Any CPU
		{C5D0CC01-63CA-4806-87B0-3DC282758D66}.Release|x64.Build.0 = Release|Any CPU
		{C5D0CC01-63CA-4806-87B0-3DC282758D66}.Release|x86.ActiveCfg = Release|Any CPU
		{C5D0CC01-63CA-4806-87B0-3DC282758D66}.Release|x86.Build.0 = Release|Any CPU
	EndGlobalSection
	GlobalSection(SolutionProperties) = preSolution
		HideSolutionNode = FALSE
	EndGlobalSection
EndGlobal
